
Microsoft Visual Studio Solution File, Format Version 12.00
# Visual Studio Version 17
VisualStudioVersion = 17.3.32929.385
MinimumVisualStudioVersion = 10.0.40219.1
Project("{FAE04EC0-301F-11D3-BF4B-00C04F79EFBC}") = "CoverMe", "CoverMe\CoverMe.csproj", "{EDADF047-66FE-4F13-B65F-3B06E5B4072B}"
EndProject
Global
	GlobalSection(SolutionConfigurationPlatforms) = preSolution
		Debug|Any CPU = Debug|Any CPU
		Release|Any CPU = Release|Any CPU
	EndGlobalSection
	GlobalSection(ProjectConfigurationPlatforms) = postSolution
		{EDADF047-66FE-4F13-B65F-3B06E5B4072B}.Debug|Any CPU.ActiveCfg = Debug|Any CPU
		{EDADF047-66FE-4F13-B65F-3B06E5B4072B}.Debug|Any CPU.Build.0 = Debug|Any CPU
		{EDADF047-66FE-4F13-B65F-3B06E5B4072B}.Release|Any CPU.ActiveCfg = Release|Any CPU
		{EDADF047-66FE-4F13-B65F-3B06E5B4072B}.Release|Any CPU.Build.0 = Release|Any CPU
	EndGlobalSection
	GlobalSection(SolutionProperties) = preSolution
		HideSolutionNode = FALSE
	EndGlobalSection
	GlobalSection(ExtensibilityGlobals) = postSolution
		SolutionGuid = {A520CEE1-BA37-4370-A554-D017FA893243}
	EndGlobalSection
EndGlobal
